<?xml version="1.0" encoding="utf-8"?>
<Project ToolsVersion="4.0" xmlns="http://schemas.microsoft.com/developer/msbuild/2003">
  <ItemGroup>
    <Filter Include="Source Files">
      <UniqueIdentifier>{4FC737F1-C7A5-4376-A066-2A32D752A2FF}</UniqueIdentifier>
      <Extensions>cpp;c;cc;cxx;def;odl;idl;hpj;bat;asm;asmx</Extensions>
    </Filter>
    <Filter Include="Header Files">
      <UniqueIdentifier>{93995380-89BD-4b04-88EB-625FBE52EBFB}</UniqueIdentifier>
      <Extensions>h;hh;hpp;hxx;hm;inl;inc;xsd</Extensions>
    </Filter>
    <Filter Include="Resource Files">
      <UniqueIdentifier>{D9D6E242-F8AF-46E4-B9FD-80ECBC20BA3E}</UniqueIdentifier>
      <Extensions>qrc;*</Extensions>
      <ParseFiles>false</ParseFiles>
    </Filter>
    <Filter Include="Form Files">
      <UniqueIdentifier>{99349809-55BA-4b9d-BF79-8FDBB0286EB3}</UniqueIdentifier>
      <Extensions>ui</Extensions>
    </Filter>
    <Filter Include="Resource Files">
      <UniqueIdentifier>{D9D6E242-F8AF-46E4-B9FD-80ECBC20BA3E}</UniqueIdentifier>
      <Extensions>qrc;*</Extensions>
      <ParseFiles>false</ParseFiles>
    </Filter>
    <Filter Include="Generated Files">
      <UniqueIdentifier>{71ED8ED8-ACB9-4CE9-BBE1-E00B30144E11}</UniqueIdentifier>
      <Extensions>moc;h;cpp</Extensions>
      <SourceControlFiles>False</SourceControlFiles>
    </Filter>
  </ItemGroup>
  <ItemGroup>
    <ClCompile Include="main.cpp">
      <Filter>Source Files</Filter>
    </ClCompile>
    <ClCompile Include="GBSipClient.cpp">
      <Filter>Source Files</Filter>
    </ClCompile>
    <ClCompile Include="SipCallback.cpp">
      <Filter>Source Files</Filter>
    </ClCompile>
    <ClCompile Include="SipCommon.cpp">
      <Filter>Source Files</Filter>
    </ClCompile>
    <ClCompile Include="SipMsgBodyParser.cpp">
      <Filter>Source Files</Filter>
    </ClCompile>
    <ClCompile Include="SipMsgHeaderParser.cpp">
      <Filter>Source Files</Filter>
    </ClCompile>
    <ClCompile Include="tinyxml2.cpp">
      <Filter>Source Files</Filter>
    </ClCompile>
    <ClCompile Include="SipLog.cpp">
      <Filter>Source Files</Filter>
    </ClCompile>
    <ClCompile Include="SipMsgObj.cpp">
      <Filter>Source Files</Filter>
    </ClCompile>
    <ClCompile Include="SipSdpBodyParser.cpp">
      <Filter>Source Files</Filter>
    </ClCompile>
    <ClCompile Include="SipRtspBodyParser.cpp">
      <Filter>Source Files</Filter>
    </ClCompile>
    <ClCompile Include="SipDialogMgr.cpp">
      <Filter>Source Files</Filter>
    </ClCompile>
    <ClCompile Include="SipSocketServer.cpp">
      <Filter>Source Files</Filter>
    </ClCompile>
    <ClCompile Include="SipMgr.cpp">
      <Filter>Source Files</Filter>
    </ClCompile>
    <ClCompile Include="SipDBServer.cpp">
      <Filter>Source Files</Filter>
    </ClCompile>
    <ClCompile Include="SipMsgXmlBody.cpp">
      <Filter>Source Files</Filter>
    </ClCompile>
    <ClCompile Include="SipUtilities.cpp">
      <Filter>Source Files</Filter>
    </ClCompile>
  </ItemGroup>
  <ItemGroup>
    <QtMoc Include="GBSipClient.h">
      <Filter>Header Files</Filter>
    </QtMoc>
  </ItemGroup>
  <ItemGroup>
    <QtUic Include="GBSipClient.ui">
      <Filter>Form Files</Filter>
    </QtUic>
  </ItemGroup>
  <ItemGroup>
    <QtRcc Include="GBSipClient.qrc">
      <Filter>Resource Files</Filter>
    </QtRcc>
  </ItemGroup>
  <ItemGroup>
    <ClInclude Include="SipCallback.h">
      <Filter>Header Files</Filter>
    </ClInclude>
    <ClInclude Include="SipCommon.h">
      <Filter>Header Files</Filter>
    </ClInclude>
    <ClInclude Include="SipMsgBodyParser.h">
      <Filter>Header Files</Filter>
    </ClInclude>
    <ClInclude Include="SipMsgHeaderParser.h">
      <Filter>Header Files</Filter>
    </ClInclude>
    <ClInclude Include="tinyxml2.h">
      <Filter>Header Files</Filter>
    </ClInclude>
    <ClInclude Include="otlv4.h">
      <Filter>Header Files</Filter>
    </ClInclude>
    <ClInclude Include="SipLog.h">
      <Filter>Header Files</Filter>
    </ClInclude>
    <ClInclude Include="SipMsgObj.h">
      <Filter>Header Files</Filter>
    </ClInclude>
    <ClInclude Include="SipDefine.h">
      <Filter>Header Files</Filter>
    </ClInclude>
    <ClInclude Include="SipSdpBodyParser.h">
      <Filter>Header Files</Filter>
    </ClInclude>
    <ClInclude Include="SipRtspBodyParser.h">
      <Filter>Header Files</Filter>
    </ClInclude>
    <ClInclude Include="SipDialogMgr.h">
      <Filter>Header Files</Filter>
    </ClInclude>
    <ClInclude Include="SipSocketServer.h">
      <Filter>Header Files</Filter>
    </ClInclude>
    <ClInclude Include="SipMgr.h">
      <Filter>Header Files</Filter>
    </ClInclude>
    <ClInclude Include="SipDBServer.h">
      <Filter>Header Files</Filter>
    </ClInclude>
    <ClInclude Include="SipMsgXmlBody.h">
      <Filter>Header Files</Filter>
    </ClInclude>
    <ClInclude Include="SipUtilities.h">
      <Filter>Header Files</Filter>
    </ClInclude>
  </ItemGroup>
</Project>